
Microsoft Visual Studio Solution File, Format Version 12.00
# Visual Studio Version 17
VisualStudioVersion = 17.11.35222.181
MinimumVisualStudioVersion = 10.0.40219.1
Project("{FAE04EC0-301F-11D3-BF4B-00C04F79EFBC}") = "lekcja1.2", "lekcja1.2.csproj", "{085D3847-6BB1-4032-9DB1-0ED569601000}"
EndProject
Global
	GlobalSection(SolutionConfigurationPlatforms) = preSolution
		Debug|Any CPU = Debug|Any CPU
		Release|Any CPU = Release|Any CPU
	EndGlobalSection
	GlobalSection(ProjectConfigurationPlatforms) = postSolution
		{085D3847-6BB1-4032-9DB1-0ED569601000}.Debug|Any CPU.ActiveCfg = Debug|Any CPU
		{085D3847-6BB1-4032-9DB1-0ED569601000}.Debug|Any CPU.Build.0 = Debug|Any CPU
		{085D3847-6BB1-4032-9DB1-0ED569601000}.Release|Any CPU.ActiveCfg = Release|Any CPU
		{085D3847-6BB1-4032-9DB1-0ED569601000}.Release|Any CPU.Build.0 = Release|Any CPU
	EndGlobalSection
	GlobalSection(SolutionProperties) = preSolution
		HideSolutionNode = FALSE
	EndGlobalSection
	GlobalSection(ExtensibilityGlobals) = postSolution
		SolutionGuid = {BE26F064-29D8-480B-A758-924AC5D01A1A}
	EndGlobalSection
EndGlobal
